{
  "name": "yvg.github.io",
  "lockfileVersion": 2,
  "requires": true,
  "packages": {
    "": {
      "dependencies": {
        "marked": "11.2.0",
        "marked-hook-frontmatter": "1.4.3",
        "marked-sequential-hooks": "1.2.1"
      }
    },
    "node_modules/@types/js-yaml": {
      "version": "4.0.9",
      "resolved": "https://registry.npmjs.org/@types/js-yaml/-/js-yaml-4.0.9.tgz",
      "integrity": "sha512-k4MGaQl5TGo/iipqb2UDG2UwjXziSWkh0uysQelTlJpX1qGlpUZYm8PnO4DxG1qBomtJUdYJ6qR6xdIah10JLg=="
    },
    "node_modules/argparse": {
      "version": "2.0.1",
      "resolved": "https://registry.npmjs.org/argparse/-/argparse-2.0.1.tgz",
      "integrity": "sha512-8+9WqebbFzpX9OR+Wa6O29asIogeRMzcGtAINdpMHHyAg10f05aSFVBbcEqGf/PXw1EjAZ+q2/bEBg3DvurK3Q=="
    },
    "node_modules/js-yaml": {
      "version": "4.1.0",
      "resolved": "https://registry.npmjs.org/js-yaml/-/js-yaml-4.1.0.tgz",
      "integrity": "sha512-wpxZs9NoxZaJESJGIZTyDEaYpl0FKSA+FB9aJiyemKhMwkxQg63h4T1KJgUGHpTqPDNRcmmYLugrRjJlBtWvRA==",
      "dependencies": {
        "argparse": "^2.0.1"
      },
      "bin": {
        "js-yaml": "bin/js-yaml.js"
      }
    },
    "node_modules/marked": {
      "version": "11.2.0",
      "resolved": "https://registry.npmjs.org/marked/-/marked-11.2.0.tgz",
      "integrity": "sha512-HR0m3bvu0jAPYiIvLUUQtdg1g6D247//lvcekpHO1WMvbwDlwSkZAX9Lw4F4YHE1T0HaaNve0tuAWuV1UJ6vtw==",
      "bin": {
        "marked": "bin/marked.js"
      },
      "engines": {
        "node": ">= 18"
      }
    },
    "node_modules/marked-hook-frontmatter": {
      "version": "1.4.3",
      "resolved": "https://registry.npmjs.org/marked-hook-frontmatter/-/marked-hook-frontmatter-1.4.3.tgz",
      "integrity": "sha512-xvgQ8wikcDk53IZq+nyCzRKK9BPGwx7N84FpljKcSl5rI16UNI0jb8p69Z5WiHgMJwWNciaSRQh+Xii/mtHAQA==",
      "dependencies": {
        "@types/js-yaml": "^4.0.9",
        "js-yaml": "^4.1.0",
        "moo": "^0.5.2"
      },
      "optionalDependencies": {
        "marked-sequential-hooks": "1.2.1"
      },
      "peerDependencies": {
        "marked": ">=7.0.0"
      }
    },
    "node_modules/marked-sequential-hooks": {
      "version": "1.2.1",
      "resolved": "https://registry.npmjs.org/marked-sequential-hooks/-/marked-sequential-hooks-1.2.1.tgz",
      "integrity": "sha512-9/HSIdWZgRtgRu+wvLQoCbT0nAYPwVBwCCN/Sp4zw+v97dPox/K78ZB15xbea+KJNJ1PwWJ8CBwxKogJCx4rcw==",
      "peerDependencies": {
        "marked": ">=7.0.0"
      }
    },
    "node_modules/moo": {
      "version": "0.5.2",
      "resolved": "https://registry.npmjs.org/moo/-/moo-0.5.2.tgz",
      "integrity": "sha512-iSAJLHYKnX41mKcJKjqvnAN9sf0LMDTXDEvFv+ffuRR9a1MIuXLjMNL6EsnDHSkKLTWNqQQ5uo61P4EbU4NU+Q=="
    }
  },
  "dependencies": {
    "@types/js-yaml": {
      "version": "4.0.9",
      "resolved": "https://registry.npmjs.org/@types/js-yaml/-/js-yaml-4.0.9.tgz",
      "integrity": "sha512-k4MGaQl5TGo/iipqb2UDG2UwjXziSWkh0uysQelTlJpX1qGlpUZYm8PnO4DxG1qBomtJUdYJ6qR6xdIah10JLg=="
    },
    "argparse": {
      "version": "2.0.1",
      "resolved": "https://registry.npmjs.org/argparse/-/argparse-2.0.1.tgz",
      "integrity": "sha512-8+9WqebbFzpX9OR+Wa6O29asIogeRMzcGtAINdpMHHyAg10f05aSFVBbcEqGf/PXw1EjAZ+q2/bEBg3DvurK3Q=="
    },
    "js-yaml": {
      "version": "4.1.0",
      "resolved": "https://registry.npmjs.org/js-yaml/-/js-yaml-4.1.0.tgz",
      "integrity": "sha512-wpxZs9NoxZaJESJGIZTyDEaYpl0FKSA+FB9aJiyemKhMwkxQg63h4T1KJgUGHpTqPDNRcmmYLugrRjJlBtWvRA==",
      "requires": {
        "argparse": "^2.0.1"
      }
    },
    "marked": {
      "version": "11.2.0",
      "resolved": "https://registry.npmjs.org/marked/-/marked-11.2.0.tgz",
      "integrity": "sha512-HR0m3bvu0jAPYiIvLUUQtdg1g6D247//lvcekpHO1WMvbwDlwSkZAX9Lw4F4YHE1T0HaaNve0tuAWuV1UJ6vtw=="
    },
    "marked-hook-frontmatter": {
      "version": "1.4.3",
      "resolved": "https://registry.npmjs.org/marked-hook-frontmatter/-/marked-hook-frontmatter-1.4.3.tgz",
      "integrity": "sha512-xvgQ8wikcDk53IZq+nyCzRKK9BPGwx7N84FpljKcSl5rI16UNI0jb8p69Z5WiHgMJwWNciaSRQh+Xii/mtHAQA==",
      "requires": {
        "@types/js-yaml": "^4.0.9",
        "js-yaml": "^4.1.0",
        "marked-sequential-hooks": "1.2.1",
        "moo": "^0.5.2"
      }
    },
    "marked-sequential-hooks": {
      "version": "1.2.1",
      "resolved": "https://registry.npmjs.org/marked-sequential-hooks/-/marked-sequential-hooks-1.2.1.tgz",
      "integrity": "sha512-9/HSIdWZgRtgRu+wvLQoCbT0nAYPwVBwCCN/Sp4zw+v97dPox/K78ZB15xbea+KJNJ1PwWJ8CBwxKogJCx4rcw==",
      "requires": {}
    },
    "moo": {
      "version": "0.5.2",
      "resolved": "https://registry.npmjs.org/moo/-/moo-0.5.2.tgz",
      "integrity": "sha512-iSAJLHYKnX41mKcJKjqvnAN9sf0LMDTXDEvFv+ffuRR9a1MIuXLjMNL6EsnDHSkKLTWNqQQ5uo61P4EbU4NU+Q=="
    }
  }
}
